
Microsoft Visual Studio Solution File, Format Version 12.00
# Visual Studio Version 16
VisualStudioVersion = 25.0.1704.0
MinimumVisualStudioVersion = 10.0.40219.1
Project("{FAE04EC0-301F-11D3-BF4B-00C04F79EFBC}") = "Hypance.Core", "Libraries\Hypance.Core\Hypance.Core.csproj", "{28A92B48-A8FA-44A6-A2D7-7AE834E6A2AF}"
EndProject
Project("{FAE04EC0-301F-11D3-BF4B-00C04F79EFBC}") = "Hypance.Data", "Libraries\Hypance.Data\Hypance.Data.csproj", "{0157CEE5-FA19-41D2-AE41-0C187B693C6C}"
EndProject
Project("{FAE04EC0-301F-11D3-BF4B-00C04F79EFBC}") = "Hypance.Services", "Libraries\Hypance.Services\Hypance.Services.csproj", "{25F0F8C2-CF61-4B50-AB62-9D62FD5308E8}"
EndProject
Project("{FAE04EC0-301F-11D3-BF4B-00C04F79EFBC}") = "Hypance.WebApi", "Presenentation\Hypance.WebApi\Hypance.WebApi.csproj", "{D2EB1F1F-DC79-4229-AC70-2B0C3F0C88B4}"
EndProject
Project("{FAE04EC0-301F-11D3-BF4B-00C04F79EFBC}") = "Hypance.ScheduledTask", "ScheduledTask\Hypance.ScheduledTask\Hypance.ScheduledTask.csproj", "{0B766169-B04E-4648-A592-76AFF9F44250}"
EndProject
Global
	GlobalSection(SolutionConfigurationPlatforms) = preSolution
		Debug|Any CPU = Debug|Any CPU
		Release|Any CPU = Release|Any CPU
	EndGlobalSection
	GlobalSection(ProjectConfigurationPlatforms) = postSolution
		{28A92B48-A8FA-44A6-A2D7-7AE834E6A2AF}.Debug|Any CPU.ActiveCfg = Debug|Any CPU
		{28A92B48-A8FA-44A6-A2D7-7AE834E6A2AF}.Debug|Any CPU.Build.0 = Debug|Any CPU
		{28A92B48-A8FA-44A6-A2D7-7AE834E6A2AF}.Release|Any CPU.ActiveCfg = Release|Any CPU
		{28A92B48-A8FA-44A6-A2D7-7AE834E6A2AF}.Release|Any CPU.Build.0 = Release|Any CPU
		{0157CEE5-FA19-41D2-AE41-0C187B693C6C}.Debug|Any CPU.ActiveCfg = Debug|Any CPU
		{0157CEE5-FA19-41D2-AE41-0C187B693C6C}.Debug|Any CPU.Build.0 = Debug|Any CPU
		{0157CEE5-FA19-41D2-AE41-0C187B693C6C}.Release|Any CPU.ActiveCfg = Release|Any CPU
		{0157CEE5-FA19-41D2-AE41-0C187B693C6C}.Release|Any CPU.Build.0 = Release|Any CPU
		{25F0F8C2-CF61-4B50-AB62-9D62FD5308E8}.Debug|Any CPU.ActiveCfg = Debug|Any CPU
		{25F0F8C2-CF61-4B50-AB62-9D62FD5308E8}.Debug|Any CPU.Build.0 = Debug|Any CPU
		{25F0F8C2-CF61-4B50-AB62-9D62FD5308E8}.Release|Any CPU.ActiveCfg = Release|Any CPU
		{25F0F8C2-CF61-4B50-AB62-9D62FD5308E8}.Release|Any CPU.Build.0 = Release|Any CPU
		{D2EB1F1F-DC79-4229-AC70-2B0C3F0C88B4}.Debug|Any CPU.ActiveCfg = Debug|Any CPU
		{D2EB1F1F-DC79-4229-AC70-2B0C3F0C88B4}.Debug|Any CPU.Build.0 = Debug|Any CPU
		{D2EB1F1F-DC79-4229-AC70-2B0C3F0C88B4}.Release|Any CPU.ActiveCfg = Release|Any CPU
		{D2EB1F1F-DC79-4229-AC70-2B0C3F0C88B4}.Release|Any CPU.Build.0 = Release|Any CPU
		{0B766169-B04E-4648-A592-76AFF9F44250}.Debug|Any CPU.ActiveCfg = Debug|Any CPU
		{0B766169-B04E-4648-A592-76AFF9F44250}.Debug|Any CPU.Build.0 = Debug|Any CPU
		{0B766169-B04E-4648-A592-76AFF9F44250}.Release|Any CPU.ActiveCfg = Release|Any CPU
		{0B766169-B04E-4648-A592-76AFF9F44250}.Release|Any CPU.Build.0 = Release|Any CPU
	EndGlobalSection
	GlobalSection(SolutionProperties) = preSolution
		HideSolutionNode = FALSE
	EndGlobalSection
	GlobalSection(ExtensibilityGlobals) = postSolution
		SolutionGuid = {16963ED9-E8C3-4B35-B5CC-3677099945C1}
	EndGlobalSection
EndGlobal
